
Microsoft Visual Studio Solution File, Format Version 12.00
Project("{FAE04EC0-301F-11D3-BF4B-00C04F79EFBC}") = "Async", "src\Async\Async.csproj", "{AD9E9A11-AD0A-42C2-BC18-6CF394702352}"
EndProject
Project("{FAE04EC0-301F-11D3-BF4B-00C04F79EFBC}") = "Shared", "Shared\Shared.csproj", "{8077C352-482F-4646-A53F-89C5760B61E2}"
EndProject
Global
	GlobalSection(SolutionConfigurationPlatforms) = preSolution
		Debug|Any CPU = Debug|Any CPU
		Release|Any CPU = Release|Any CPU
	EndGlobalSection
	GlobalSection(ProjectConfigurationPlatforms) = postSolution
		{AD9E9A11-AD0A-42C2-BC18-6CF394702352}.Debug|Any CPU.ActiveCfg = Debug|Any CPU
		{AD9E9A11-AD0A-42C2-BC18-6CF394702352}.Debug|Any CPU.Build.0 = Debug|Any CPU
		{AD9E9A11-AD0A-42C2-BC18-6CF394702352}.Release|Any CPU.ActiveCfg = Release|Any CPU
		{AD9E9A11-AD0A-42C2-BC18-6CF394702352}.Release|Any CPU.Build.0 = Release|Any CPU
		{8077C352-482F-4646-A53F-89C5760B61E2}.Debug|Any CPU.ActiveCfg = Debug|Any CPU
		{8077C352-482F-4646-A53F-89C5760B61E2}.Debug|Any CPU.Build.0 = Debug|Any CPU
		{8077C352-482F-4646-A53F-89C5760B61E2}.Release|Any CPU.ActiveCfg = Release|Any CPU
		{8077C352-482F-4646-A53F-89C5760B61E2}.Release|Any CPU.Build.0 = Release|Any CPU
	EndGlobalSection
EndGlobal
